
Microsoft Visual Studio Solution File, Format Version 12.00
# Visual Studio 15
VisualStudioVersion = 15.0.28307.438
MinimumVisualStudioVersion = 10.0.40219.1
Project("{FAE04EC0-301F-11D3-BF4B-00C04F79EFBC}") = "NearLosslessBMPVisualizer", "NearLosslessBMPVisualizer\NearLosslessBMPVisualizer.csproj", "{2BC1DECF-FB8B-4CA0-8832-5B192D59582D}"
EndProject
Global
	GlobalSection(SolutionConfigurationPlatforms) = preSolution
		Debug|Any CPU = Debug|Any CPU
		Release|Any CPU = Release|Any CPU
	EndGlobalSection
	GlobalSection(ProjectConfigurationPlatforms) = postSolution
		{2BC1DECF-FB8B-4CA0-8832-5B192D59582D}.Debug|Any CPU.ActiveCfg = Debug|Any CPU
		{2BC1DECF-FB8B-4CA0-8832-5B192D59582D}.Debug|Any CPU.Build.0 = Debug|Any CPU
		{2BC1DECF-FB8B-4CA0-8832-5B192D59582D}.Release|Any CPU.ActiveCfg = Release|Any CPU
		{2BC1DECF-FB8B-4CA0-8832-5B192D59582D}.Release|Any CPU.Build.0 = Release|Any CPU
	EndGlobalSection
	GlobalSection(SolutionProperties) = preSolution
		HideSolutionNode = FALSE
	EndGlobalSection
	GlobalSection(ExtensibilityGlobals) = postSolution
		SolutionGuid = {A19AA497-CE61-42E3-B335-D6DF3B326BCF}
	EndGlobalSection
EndGlobal
